
Microsoft Visual Studio Solution File, Format Version 12.00
# Visual Studio Version 17
VisualStudioVersion = 17.9.34714.143
MinimumVisualStudioVersion = 10.0.40219.1
Project("{FAE04EC0-301F-11D3-BF4B-00C04F79EFBC}") = "WindowsStatsRepBldr", "WindowsStatsRepBldr.csproj", "{8D505B84-F1D1-421B-8898-939322CBE993}"
EndProject
Global
	GlobalSection(SolutionConfigurationPlatforms) = preSolution
		Debug|Any CPU = Debug|Any CPU
		Release|Any CPU = Release|Any CPU
	EndGlobalSection
	GlobalSection(ProjectConfigurationPlatforms) = postSolution
		{8D505B84-F1D1-421B-8898-939322CBE993}.Debug|Any CPU.ActiveCfg = Debug|Any CPU
		{8D505B84-F1D1-421B-8898-939322CBE993}.Debug|Any CPU.Build.0 = Debug|Any CPU
		{8D505B84-F1D1-421B-8898-939322CBE993}.Release|Any CPU.ActiveCfg = Release|Any CPU
		{8D505B84-F1D1-421B-8898-939322CBE993}.Release|Any CPU.Build.0 = Release|Any CPU
	EndGlobalSection
	GlobalSection(SolutionProperties) = preSolution
		HideSolutionNode = FALSE
	EndGlobalSection
	GlobalSection(ExtensibilityGlobals) = postSolution
		SolutionGuid = {881D5032-E49C-4834-AE60-C6B966DDA599}
	EndGlobalSection
EndGlobal
